
Microsoft Visual Studio Solution File, Format Version 12.00
# Visual Studio 14
VisualStudioVersion = 14.0.23107.0
MinimumVisualStudioVersion = 10.0.40219.1
Project("{FAE04EC0-301F-11D3-BF4B-00C04F79EFBC}") = "FileExchangeChecking", "ExchangeFileChecking\FileExchangeChecking.csproj", "{4AEEBF41-03BF-4F13-8376-48BA4B8F535B}"
EndProject
Project("{FAE04EC0-301F-11D3-BF4B-00C04F79EFBC}") = "TransformToRSS", "RSS\TransformToRSS.csproj", "{9D2493F1-D026-49C2-BD21-CCA38787476D}"
EndProject
Project("{FAE04EC0-301F-11D3-BF4B-00C04F79EFBC}") = "TransformToReport", "Report\TransformToReport.csproj", "{692081DA-DDBE-4405-803E-261ACD69A3B9}"
EndProject
Global
	GlobalSection(SolutionConfigurationPlatforms) = preSolution
		Debug|Any CPU = Debug|Any CPU
		Release|Any CPU = Release|Any CPU
	EndGlobalSection
	GlobalSection(ProjectConfigurationPlatforms) = postSolution
		{4AEEBF41-03BF-4F13-8376-48BA4B8F535B}.Debug|Any CPU.ActiveCfg = Debug|Any CPU
		{4AEEBF41-03BF-4F13-8376-48BA4B8F535B}.Debug|Any CPU.Build.0 = Debug|Any CPU
		{4AEEBF41-03BF-4F13-8376-48BA4B8F535B}.Release|Any CPU.ActiveCfg = Release|Any CPU
		{4AEEBF41-03BF-4F13-8376-48BA4B8F535B}.Release|Any CPU.Build.0 = Release|Any CPU
		{9D2493F1-D026-49C2-BD21-CCA38787476D}.Debug|Any CPU.ActiveCfg = Debug|Any CPU
		{9D2493F1-D026-49C2-BD21-CCA38787476D}.Debug|Any CPU.Build.0 = Debug|Any CPU
		{9D2493F1-D026-49C2-BD21-CCA38787476D}.Release|Any CPU.ActiveCfg = Release|Any CPU
		{9D2493F1-D026-49C2-BD21-CCA38787476D}.Release|Any CPU.Build.0 = Release|Any CPU
		{692081DA-DDBE-4405-803E-261ACD69A3B9}.Debug|Any CPU.ActiveCfg = Debug|Any CPU
		{692081DA-DDBE-4405-803E-261ACD69A3B9}.Debug|Any CPU.Build.0 = Debug|Any CPU
		{692081DA-DDBE-4405-803E-261ACD69A3B9}.Release|Any CPU.ActiveCfg = Release|Any CPU
		{692081DA-DDBE-4405-803E-261ACD69A3B9}.Release|Any CPU.Build.0 = Release|Any CPU
	EndGlobalSection
	GlobalSection(SolutionProperties) = preSolution
		HideSolutionNode = FALSE
	EndGlobalSection
EndGlobal
